
Microsoft Visual Studio Solution File, Format Version 12.00
# Visual Studio Version 17
VisualStudioVersion = 17.10.35013.160
MinimumVisualStudioVersion = 10.0.40219.1
Project("{FAE04EC0-301F-11D3-BF4B-00C04F79EFBC}") = "Webservices", "Webservices.csproj", "{3C598FD0-79A7-42B3-ABD2-8874D0AC453A}"
EndProject
Global
	GlobalSection(SolutionConfigurationPlatforms) = preSolution
		Debug|Any CPU = Debug|Any CPU
		Release|Any CPU = Release|Any CPU
	EndGlobalSection
	GlobalSection(ProjectConfigurationPlatforms) = postSolution
		{3C598FD0-79A7-42B3-ABD2-8874D0AC453A}.Debug|Any CPU.ActiveCfg = Debug|Any CPU
		{3C598FD0-79A7-42B3-ABD2-8874D0AC453A}.Debug|Any CPU.Build.0 = Debug|Any CPU
		{3C598FD0-79A7-42B3-ABD2-8874D0AC453A}.Release|Any CPU.ActiveCfg = Release|Any CPU
		{3C598FD0-79A7-42B3-ABD2-8874D0AC453A}.Release|Any CPU.Build.0 = Release|Any CPU
	EndGlobalSection
	GlobalSection(SolutionProperties) = preSolution
		HideSolutionNode = FALSE
	EndGlobalSection
	GlobalSection(ExtensibilityGlobals) = postSolution
		SolutionGuid = {F5F07562-C716-4A46-B12D-2BCEE6A0AB28}
	EndGlobalSection
EndGlobal
